
Microsoft Visual Studio Solution File, Format Version 12.00
# Visual Studio 15
VisualStudioVersion = 15.0.26124.0
MinimumVisualStudioVersion = 15.0.26124.0
Project("{FAE04EC0-301F-11D3-BF4B-00C04F79EFBC}") = "API", "API\API.csproj", "{4B6F29F0-76A0-4CFD-B168-1A36FD52ED55}"
EndProject
Project("{FAE04EC0-301F-11D3-BF4B-00C04F79EFBC}") = "Application", "Application\Application.csproj", "{C42ADFDF-0372-4B8A-AD27-90086F675DCB}"
EndProject
Project("{FAE04EC0-301F-11D3-BF4B-00C04F79EFBC}") = "Domain", "Domain\Domain.csproj", "{DD93D9E1-9542-45A7-85AF-7936BC33AF76}"
EndProject
Project("{FAE04EC0-301F-11D3-BF4B-00C04F79EFBC}") = "Persistence", "Persistence\Persistence.csproj", "{21140795-278E-41A5-A991-BF97C6965D08}"
EndProject
Global
	GlobalSection(SolutionConfigurationPlatforms) = preSolution
		Debug|Any CPU = Debug|Any CPU
		Debug|x64 = Debug|x64
		Debug|x86 = Debug|x86
		Release|Any CPU = Release|Any CPU
		Release|x64 = Release|x64
		Release|x86 = Release|x86
	EndGlobalSection
	GlobalSection(SolutionProperties) = preSolution
		HideSolutionNode = FALSE
	EndGlobalSection
	GlobalSection(ProjectConfigurationPlatforms) = postSolution
		{4B6F29F0-76A0-4CFD-B168-1A36FD52ED55}.Debug|Any CPU.ActiveCfg = Debug|Any CPU
		{4B6F29F0-76A0-4CFD-B168-1A36FD52ED55}.Debug|Any CPU.Build.0 = Debug|Any CPU
		{4B6F29F0-76A0-4CFD-B168-1A36FD52ED55}.Debug|x64.ActiveCfg = Debug|Any CPU
		{4B6F29F0-76A0-4CFD-B168-1A36FD52ED55}.Debug|x64.Build.0 = Debug|Any CPU
		{4B6F29F0-76A0-4CFD-B168-1A36FD52ED55}.Debug|x86.ActiveCfg = Debug|Any CPU
		{4B6F29F0-76A0-4CFD-B168-1A36FD52ED55}.Debug|x86.Build.0 = Debug|Any CPU
		{4B6F29F0-76A0-4CFD-B168-1A36FD52ED55}.Release|Any CPU.ActiveCfg = Release|Any CPU
		{4B6F29F0-76A0-4CFD-B168-1A36FD52ED55}.Release|Any CPU.Build.0 = Release|Any CPU
		{4B6F29F0-76A0-4CFD-B168-1A36FD52ED55}.Release|x64.ActiveCfg = Release|Any CPU
		{4B6F29F0-76A0-4CFD-B168-1A36FD52ED55}.Release|x64.Build.0 = Release|Any CPU
		{4B6F29F0-76A0-4CFD-B168-1A36FD52ED55}.Release|x86.ActiveCfg = Release|Any CPU
		{4B6F29F0-76A0-4CFD-B168-1A36FD52ED55}.Release|x86.Build.0 = Release|Any CPU
		{C42ADFDF-0372-4B8A-AD27-90086F675DCB}.Debug|Any CPU.ActiveCfg = Debug|Any CPU
		{C42ADFDF-0372-4B8A-AD27-90086F675DCB}.Debug|Any CPU.Build.0 = Debug|Any CPU
		{C42ADFDF-0372-4B8A-AD27-90086F675DCB}.Debug|x64.ActiveCfg = Debug|Any CPU
		{C42ADFDF-0372-4B8A-AD27-90086F675DCB}.Debug|x64.Build.0 = Debug|Any CPU
		{C42ADFDF-0372-4B8A-AD27-90086F675DCB}.Debug|x86.ActiveCfg = Debug|Any CPU
		{C42ADFDF-0372-4B8A-AD27-90086F675DCB}.Debug|x86.Build.0 = Debug|Any CPU
		{C42ADFDF-0372-4B8A-AD27-90086F675DCB}.Release|Any CPU.ActiveCfg = Release|Any CPU
		{C42ADFDF-0372-4B8A-AD27-90086F675DCB}.Release|Any CPU.Build.0 = Release|Any CPU
		{C42ADFDF-0372-4B8A-AD27-90086F675DCB}.Release|x64.ActiveCfg = Release|Any CPU
		{C42ADFDF-0372-4B8A-AD27-90086F675DCB}.Release|x64.Build.0 = Release|Any CPU
		{C42ADFDF-0372-4B8A-AD27-90086F675DCB}.Release|x86.ActiveCfg = Release|Any CPU
		{C42ADFDF-0372-4B8A-AD27-90086F675DCB}.Release|x86.Build.0 = Release|Any CPU
		{DD93D9E1-9542-45A7-85AF-7936BC33AF76}.Debug|Any CPU.ActiveCfg = Debug|Any CPU
		{DD93D9E1-9542-45A7-85AF-7936BC33AF76}.Debug|Any CPU.Build.0 = Debug|Any CPU
		{DD93D9E1-9542-45A7-85AF-7936BC33AF76}.Debug|x64.ActiveCfg = Debug|Any CPU
		{DD93D9E1-9542-45A7-85AF-7936BC33AF76}.Debug|x64.Build.0 = Debug|Any CPU
		{DD93D9E1-9542-45A7-85AF-7936BC33AF76}.Debug|x86.ActiveCfg = Debug|Any CPU
		{DD93D9E1-9542-45A7-85AF-7936BC33AF76}.Debug|x86.Build.0 = Debug|Any CPU
		{DD93D9E1-9542-45A7-85AF-7936BC33AF76}.Release|Any CPU.ActiveCfg = Release|Any CPU
		{DD93D9E1-9542-45A7-85AF-7936BC33AF76}.Release|Any CPU.Build.0 = Release|Any CPU
		{DD93D9E1-9542-45A7-85AF-7936BC33AF76}.Release|x64.ActiveCfg = Release|Any CPU
		{DD93D9E1-9542-45A7-85AF-7936BC33AF76}.Release|x64.Build.0 = Release|Any CPU
		{DD93D9E1-9542-45A7-85AF-7936BC33AF76}.Release|x86.ActiveCfg = Release|Any CPU
		{DD93D9E1-9542-45A7-85AF-7936BC33AF76}.Release|x86.Build.0 = Release|Any CPU
		{21140795-278E-41A5-A991-BF97C6965D08}.Debug|Any CPU.ActiveCfg = Debug|Any CPU
		{21140795-278E-41A5-A991-BF97C6965D08}.Debug|Any CPU.Build.0 = Debug|Any CPU
		{21140795-278E-41A5-A991-BF97C6965D08}.Debug|x64.ActiveCfg = Debug|Any CPU
		{21140795-278E-41A5-A991-BF97C6965D08}.Debug|x64.Build.0 = Debug|Any CPU
		{21140795-278E-41A5-A991-BF97C6965D08}.Debug|x86.ActiveCfg = Debug|Any CPU
		{21140795-278E-41A5-A991-BF97C6965D08}.Debug|x86.Build.0 = Debug|Any CPU
		{21140795-278E-41A5-A991-BF97C6965D08}.Release|Any CPU.ActiveCfg = Release|Any CPU
		{21140795-278E-41A5-A991-BF97C6965D08}.Release|Any CPU.Build.0 = Release|Any CPU
		{21140795-278E-41A5-A991-BF97C6965D08}.Release|x64.ActiveCfg = Release|Any CPU
		{21140795-278E-41A5-A991-BF97C6965D08}.Release|x64.Build.0 = Release|Any CPU
		{21140795-278E-41A5-A991-BF97C6965D08}.Release|x86.ActiveCfg = Release|Any CPU
		{21140795-278E-41A5-A991-BF97C6965D08}.Release|x86.Build.0 = Release|Any CPU
	EndGlobalSection
EndGlobal
